
Microsoft Visual Studio Solution File, Format Version 12.00
# Visual Studio Version 17
VisualStudioVersion = 17.9.34728.123
MinimumVisualStudioVersion = 10.0.40219.1
Project("{FAE04EC0-301F-11D3-BF4B-00C04F79EFBC}") = "01_MainSubjects", "01_MainSubjects\01_MainSubjects.csproj", "{D2C0B0C5-B67A-40DF-9FB4-D0793F075206}"
EndProject
Project("{FAE04EC0-301F-11D3-BF4B-00C04F79EFBC}") = "02_Variables", "02_Variables\02_Variables.csproj", "{93423C6B-C6D6-4513-8F17-8B0F33B798F9}"
EndProject
Project("{FAE04EC0-301F-11D3-BF4B-00C04F79EFBC}") = "03_MakingDecision", "03_MakingDecision\03_MakingDecision.csproj", "{C6DC8E4E-4DA8-400A-B3D4-FEFC149021F1}"
EndProject
Project("{FAE04EC0-301F-11D3-BF4B-00C04F79EFBC}") = "04_Loops", "04_Loops\04_Loops.csproj", "{0BEE1292-6F64-4C99-82C5-585F8268D322}"
EndProject
Project("{FAE04EC0-301F-11D3-BF4B-00C04F79EFBC}") = "05-LoopsWithStars", "05-LoopsWithStars\05-LoopsWithStars.csproj", "{7462810E-889B-445B-ADAE-C9A64F035BF8}"
EndProject
Project("{FAE04EC0-301F-11D3-BF4B-00C04F79EFBC}") = "06_Arrays", "06_Arrays\06_Arrays.csproj", "{97FAD7F4-9F75-4404-B729-A06FD7A30254}"
EndProject
Project("{FAE04EC0-301F-11D3-BF4B-00C04F79EFBC}") = "07_ForeachLoop", "07_ForeachLoop\07_ForeachLoop.csproj", "{D77CD5E8-C553-47C7-9ACE-0CD64A2CA7E6}"
EndProject
Project("{FAE04EC0-301F-11D3-BF4B-00C04F79EFBC}") = "08_Methods", "08_Methods\08_Methods.csproj", "{C8E06ECC-A754-4B7F-B352-25E13B1A801A}"
EndProject
Project("{FAE04EC0-301F-11D3-BF4B-00C04F79EFBC}") = "09_DatabaseProject", "09_DatabaseProject\09_DatabaseProject.csproj", "{EAD947DB-7FA2-47B6-8DCE-6826012612C3}"
EndProject
Project("{FAE04EC0-301F-11D3-BF4B-00C04F79EFBC}") = "10_DatabaseCrud", "10_DatabaseCrud\10_DatabaseCrud.csproj", "{11E28D3B-1A0E-41E0-8596-EB59A25754C7}"
EndProject
Global
	GlobalSection(SolutionConfigurationPlatforms) = preSolution
		Debug|Any CPU = Debug|Any CPU
		Release|Any CPU = Release|Any CPU
	EndGlobalSection
	GlobalSection(ProjectConfigurationPlatforms) = postSolution
		{D2C0B0C5-B67A-40DF-9FB4-D0793F075206}.Debug|Any CPU.ActiveCfg = Debug|Any CPU
		{D2C0B0C5-B67A-40DF-9FB4-D0793F075206}.Debug|Any CPU.Build.0 = Debug|Any CPU
		{D2C0B0C5-B67A-40DF-9FB4-D0793F075206}.Release|Any CPU.ActiveCfg = Release|Any CPU
		{D2C0B0C5-B67A-40DF-9FB4-D0793F075206}.Release|Any CPU.Build.0 = Release|Any CPU
		{93423C6B-C6D6-4513-8F17-8B0F33B798F9}.Debug|Any CPU.ActiveCfg = Debug|Any CPU
		{93423C6B-C6D6-4513-8F17-8B0F33B798F9}.Debug|Any CPU.Build.0 = Debug|Any CPU
		{93423C6B-C6D6-4513-8F17-8B0F33B798F9}.Release|Any CPU.ActiveCfg = Release|Any CPU
		{93423C6B-C6D6-4513-8F17-8B0F33B798F9}.Release|Any CPU.Build.0 = Release|Any CPU
		{C6DC8E4E-4DA8-400A-B3D4-FEFC149021F1}.Debug|Any CPU.ActiveCfg = Debug|Any CPU
		{C6DC8E4E-4DA8-400A-B3D4-FEFC149021F1}.Debug|Any CPU.Build.0 = Debug|Any CPU
		{C6DC8E4E-4DA8-400A-B3D4-FEFC149021F1}.Release|Any CPU.ActiveCfg = Release|Any CPU
		{C6DC8E4E-4DA8-400A-B3D4-FEFC149021F1}.Release|Any CPU.Build.0 = Release|Any CPU
		{0BEE1292-6F64-4C99-82C5-585F8268D322}.Debug|Any CPU.ActiveCfg = Debug|Any CPU
		{0BEE1292-6F64-4C99-82C5-585F8268D322}.Debug|Any CPU.Build.0 = Debug|Any CPU
		{0BEE1292-6F64-4C99-82C5-585F8268D322}.Release|Any CPU.ActiveCfg = Release|Any CPU
		{0BEE1292-6F64-4C99-82C5-585F8268D322}.Release|Any CPU.Build.0 = Release|Any CPU
		{7462810E-889B-445B-ADAE-C9A64F035BF8}.Debug|Any CPU.ActiveCfg = Debug|Any CPU
		{7462810E-889B-445B-ADAE-C9A64F035BF8}.Debug|Any CPU.Build.0 = Debug|Any CPU
		{7462810E-889B-445B-ADAE-C9A64F035BF8}.Release|Any CPU.ActiveCfg = Release|Any CPU
		{7462810E-889B-445B-ADAE-C9A64F035BF8}.Release|Any CPU.Build.0 = Release|Any CPU
		{97FAD7F4-9F75-4404-B729-A06FD7A30254}.Debug|Any CPU.ActiveCfg = Debug|Any CPU
		{97FAD7F4-9F75-4404-B729-A06FD7A30254}.Debug|Any CPU.Build.0 = Debug|Any CPU
		{97FAD7F4-9F75-4404-B729-A06FD7A30254}.Release|Any CPU.ActiveCfg = Release|Any CPU
		{97FAD7F4-9F75-4404-B729-A06FD7A30254}.Release|Any CPU.Build.0 = Release|Any CPU
		{D77CD5E8-C553-47C7-9ACE-0CD64A2CA7E6}.Debug|Any CPU.ActiveCfg = Debug|Any CPU
		{D77CD5E8-C553-47C7-9ACE-0CD64A2CA7E6}.Debug|Any CPU.Build.0 = Debug|Any CPU
		{D77CD5E8-C553-47C7-9ACE-0CD64A2CA7E6}.Release|Any CPU.ActiveCfg = Release|Any CPU
		{D77CD5E8-C553-47C7-9ACE-0CD64A2CA7E6}.Release|Any CPU.Build.0 = Release|Any CPU
		{C8E06ECC-A754-4B7F-B352-25E13B1A801A}.Debug|Any CPU.ActiveCfg = Debug|Any CPU
		{C8E06ECC-A754-4B7F-B352-25E13B1A801A}.Debug|Any CPU.Build.0 = Debug|Any CPU
		{C8E06ECC-A754-4B7F-B352-25E13B1A801A}.Release|Any CPU.ActiveCfg = Release|Any CPU
		{C8E06ECC-A754-4B7F-B352-25E13B1A801A}.Release|Any CPU.Build.0 = Release|Any CPU
		{EAD947DB-7FA2-47B6-8DCE-6826012612C3}.Debug|Any CPU.ActiveCfg = Debug|Any CPU
		{EAD947DB-7FA2-47B6-8DCE-6826012612C3}.Debug|Any CPU.Build.0 = Debug|Any CPU
		{EAD947DB-7FA2-47B6-8DCE-6826012612C3}.Release|Any CPU.ActiveCfg = Release|Any CPU
		{EAD947DB-7FA2-47B6-8DCE-6826012612C3}.Release|Any CPU.Build.0 = Release|Any CPU
		{11E28D3B-1A0E-41E0-8596-EB59A25754C7}.Debug|Any CPU.ActiveCfg = Debug|Any CPU
		{11E28D3B-1A0E-41E0-8596-EB59A25754C7}.Debug|Any CPU.Build.0 = Debug|Any CPU
		{11E28D3B-1A0E-41E0-8596-EB59A25754C7}.Release|Any CPU.ActiveCfg = Release|Any CPU
		{11E28D3B-1A0E-41E0-8596-EB59A25754C7}.Release|Any CPU.Build.0 = Release|Any CPU
	EndGlobalSection
	GlobalSection(SolutionProperties) = preSolution
		HideSolutionNode = FALSE
	EndGlobalSection
	GlobalSection(ExtensibilityGlobals) = postSolution
		SolutionGuid = {5858A741-3C52-401A-9D08-F1E25D47E355}
	EndGlobalSection
EndGlobal
